Microsoft Visual Studio Solution File, Format Version 12.00
# Visual Studio Version 17
VisualStudioVersion = 17.5.2.0
MinimumVisualStudioVersion = 10.0.40219.1
Project("{FAE04EC0-301F-11D3-BF4B-00C04F79EFBC}") = "mtg-tracker-backend", "mtg-tracker-backend.csproj", "{D0CFF021-58F1-93DA-14FD-8D9A07025A43}"
EndProject
Global
	GlobalSection(SolutionConfigurationPlatforms) = preSolution
		Debug|Any CPU = Debug|Any CPU
		Release|Any CPU = Release|Any CPU
	EndGlobalSection
	GlobalSection(ProjectConfigurationPlatforms) = postSolution
		{D0CFF021-58F1-93DA-14FD-8D9A07025A43}.Debug|Any CPU.ActiveCfg = Debug|Any CPU
		{D0CFF021-58F1-93DA-14FD-8D9A07025A43}.Debug|Any CPU.Build.0 = Debug|Any CPU
		{D0CFF021-58F1-93DA-14FD-8D9A07025A43}.Release|Any CPU.ActiveCfg = Release|Any CPU
		{D0CFF021-58F1-93DA-14FD-8D9A07025A43}.Release|Any CPU.Build.0 = Release|Any CPU
	EndGlobalSection
	GlobalSection(SolutionProperties) = preSolution
		HideSolutionNode = FALSE
	EndGlobalSection
	GlobalSection(ExtensibilityGlobals) = postSolution
		SolutionGuid = {AD67655E-82D9-4FAE-AF2E-3CAB86CD2BAD}
	EndGlobalSection
EndGlobal
